
Microsoft Visual Studio Solution File, Format Version 12.00
# Visual Studio Version 17
VisualStudioVersion = 17.1.32421.90
MinimumVisualStudioVersion = 10.0.40219.1
Project("{FAE04EC0-301F-11D3-BF4B-00C04F79EFBC}") = "WpfApp1", "WpfApp1\WpfApp1.csproj", "{F43249BE-35AD-4842-AD59-19DDA871ACE9}"
EndProject
Global
	GlobalSection(SolutionConfigurationPlatforms) = preSolution
		Debug|Any CPU = Debug|Any CPU
		Release|Any CPU = Release|Any CPU
	EndGlobalSection
	GlobalSection(ProjectConfigurationPlatforms) = postSolution
		{F43249BE-35AD-4842-AD59-19DDA871ACE9}.Debug|Any CPU.ActiveCfg = Debug|Any CPU
		{F43249BE-35AD-4842-AD59-19DDA871ACE9}.Debug|Any CPU.Build.0 = Debug|Any CPU
		{F43249BE-35AD-4842-AD59-19DDA871ACE9}.Release|Any CPU.ActiveCfg = Release|Any CPU
		{F43249BE-35AD-4842-AD59-19DDA871ACE9}.Release|Any CPU.Build.0 = Release|Any CPU
	EndGlobalSection
	GlobalSection(SolutionProperties) = preSolution
		HideSolutionNode = FALSE
	EndGlobalSection
	GlobalSection(ExtensibilityGlobals) = postSolution
		SolutionGuid = {7B71FC01-3DEE-4117-86E1-4BABE911B50C}
	EndGlobalSection
EndGlobal
